// !$*UTF8*$!
{
	archiveVersion = 1;
	classes = {
	};
	objectVersion = 46;
	objects = {

/* Begin PBXBuildFile section */
		AB9D069B1FD1F01100142312 /* AppDelegate.swift in Sources */ = {isa = PBXBuildFile; fileRef = AB9D069A1FD1F01100142312 /* AppDelegate.swift */; };
		AB9D069D1FD1F01100142312 /* ViewController.swift in Sources */ = {isa = PBXBuildFile; fileRef = AB9D069C1FD1F01100142312 /* ViewController.swift */; };
		AB9D06A01FD1F01100142312 /* Main.storyboard in Resources */ = {isa = PBXBuildFile; fileRef = AB9D069E1FD1F01100142312 /* Main.storyboard */; };
		AB9D06A21FD1F01100142312 /* Assets.xcassets in Resources */ = {isa = PBXBuildFile; fileRef = AB9D06A11FD1F01100142312 /* Assets.xcassets */; };
		AB9D06A51FD1F01100142312 /* LaunchScreen.storyboard in Resources */ = {isa = PBXBuildFile; fileRef = AB9D06A31FD1F01100142312 /* LaunchScreen.storyboard */; };
		AB9D06B01FD1F01100142312 /* AddToCartAnimationTests.swift in Sources */ = {isa = PBXBuildFile; fileRef = AB9D06AF1FD1F01100142312 /* AddToCartAnimationTests.swift */; };
		AB9D06BB1FD1F01100142312 /* AddToCartAnimationUITests.swift in Sources */ = {isa = PBXBuildFile; fileRef = AB9D06BA1FD1F01100142312 /* AddToCartAnimationUITests.swift */; };
/* End PBXBuildFile section */

/* Begin PBXContainerItemProxy section */
		AB9D06AC1FD1F01100142312 /* PBXContainerItemProxy */ = {
			isa = PBXContainerItemProxy;
			containerPortal = AB9D068F1FD1F01100142312 /* Project object */;
			proxyType = 1;
			remoteGlobalIDString = AB9D06961FD1F01100142312;
			remoteInfo = AddToCartAnimation;
		};
		AB9D06B71FD1F01100142312 /* PBXContainerItemProxy */ = {
			isa = PBXContainerItemProxy;
			containerPortal = AB9D068F1FD1F01100142312 /* Project object */;
			proxyType = 1;
			remoteGlobalIDString = AB9D06961FD1F01100142312;
			remoteInfo = AddToCartAnimation;
		};
/* End PBXContainerItemProxy section */

/* Begin PBXFileReference section */
		AB9D06971FD1F01100142312 /* AddToCartAnimation.app */ = {isa = PBXFileReference; explicitFileType = wrapper.application; includeInIndex = 0; path = AddToCartAnimation.app; sourceTree = BUILT_PRODUCTS_DIR; };
		AB9D069A1FD1F01100142312 /* AppDelegate.swift */ = {isa = PBXFileReference; lastKnownFileType = sourcecode.swift; path = AppDelegate.swift; sourceTree = "<group>"; };
		AB9D069C1FD1F01100142312 /* ViewController.swift */ = {isa = PBXFileReference; lastKnownFileType = sourcecode.swift; path = ViewController.swift; sourceTree = "<group>"; };
		AB9D069F1FD1F01100142312 /* Base */ = {isa = PBXFileReference; lastKnownFileType = file.storyboard; name = Base; path = Base.lproj/Main.storyboard; sourceTree = "<group>"; };
		AB9D06A11FD1F01100142312 /* Assets.xcassets */ = {isa = PBXFileReference; lastKnownFileType = folder.assetcatalog; path = Assets.xcassets; sourceTree = "<group>"; };
		AB9D06A41FD1F01100142312 /* Base */ = {isa = PBXFileReference; lastKnownFileType = file.storyboard; name = Base; path = Base.lproj/LaunchScreen.storyboard; sourceTree = "<group>"; };
		AB9D06A61FD1F01100142312 /* Info.plist */ = {isa = PBXFileReference; lastKnownFileType = text.plist.xml; path = Info.plist; sourceTree = "<group>"; };
		AB9D06AB1FD1F01100142312 /* AddToCartAnimationTests.xctest */ = {isa = PBXFileReference; explicitFileType = wrapper.cfbundle; includeInIndex = 0; path = AddToCartAnimationTests.xctest; sourceTree = BUILT_PRODUCTS_DIR; };
		AB9D06AF1FD1F01100142312 /* AddToCartAnimationTests.swift */ = {isa = PBXFileReference; lastKnownFileType = sourcecode.swift; path = AddToCartAnimationTests.swift; sourceTree = "<group>"; };
		AB9D06B11FD1F01100142312 /* Info.plist */ = {isa = PBXFileReference; lastKnownFileType = text.plist.xml; path = Info.plist; sourceTree = "<group>"; };
		AB9D06B61FD1F01100142312 /* AddToCartAnimationUITests.xctest */ = {isa = PBXFileReference; explicitFileType = wrapper.cfbundle; includeInIndex = 0; path = AddToCartAnimationUITests.xctest; sourceTree = BUILT_PRODUCTS_DIR; };
		AB9D06BA1FD1F01100142312 /* AddToCartAnimationUITests.swift */ = {isa = PBXFileReference; lastKnownFileType = sourcecode.swift; path = AddToCartAnimationUITests.swift; sourceTree = "<group>"; };
		AB9D06BC1FD1F01100142312 /* Info.plist */ = {isa = PBXFileReference; lastKnownFileType = text.plist.xml; path = Info.plist; sourceTree = "<group>"; };
/* End PBXFileReference section */

/* Begin PBXFrameworksBuildPhase section */
		AB9D06941FD1F01100142312 /* Frameworks */ = {
			isa = PBXFrameworksBuildPhase;
			buildActionMask = 2147483647;
			files = (
			);
			runOnlyForDeploymentPostprocessing = 0;
		};
		AB9D06A81FD1F01100142312 /* Frameworks */ = {
			isa = PBXFrameworksBuildPhase;
			buildActionMask = 2147483647;
			files = (
			);
			runOnlyForDeploymentPostprocessing = 0;
		};
		AB9D06B31FD1F01100142312 /* Frameworks */ = {
			isa = PBXFrameworksBuildPhase;
			buildActionMask = 2147483647;
			files = (
			);
			runOnlyForDeploymentPostprocessing = 0;
		};
/* End PBXFrameworksBuildPhase section */

/* Begin PBXGroup section */
		AB9D068E1FD1F01100142312 = {
			isa = PBXGroup;
			children = (
				AB9D06991FD1F01100142312 /* AddToCartAnimation */,
				AB9D06AE1FD1F01100142312 /* AddToCartAnimationTests */,
				AB9D06B91FD1F01100142312 /* AddToCartAnimationUITests */,
				AB9D06981FD1F01100142312 /* Products */,
			);
			sourceTree = "<group>";
		};
		AB9D06981FD1F01100142312 /* Products */ = {
			isa = PBXGroup;
			children = (
				AB9D06971FD1F01100142312 /* AddToCartAnimation.app */,
				AB9D06AB1FD1F01100142312 /* AddToCartAnimationTests.xctest */,
				AB9D06B61FD1F01100142312 /* AddToCartAnimationUITests.xctest */,
			);
			name = Products;
			sourceTree = "<group>";
		};
		AB9D06991FD1F01100142312 /* AddToCartAnimation */ = {
			isa = PBXGroup;
			children = (
				AB9D069A1FD1F01100142312 /* AppDelegate.swift */,
				AB9D069C1FD1F01100142312 /* ViewController.swift */,
				AB9D069E1FD1F01100142312 /* Main.storyboard */,
				AB9D06A11FD1F01100142312 /* Assets.xcassets */,
				AB9D06A31FD1F01100142312 /* LaunchScreen.storyboard */,
				AB9D06A61FD1F01100142312 /* Info.plist */,
			);
			path = AddToCartAnimation;
			sourceTree = "<group>";
		};
		AB9D06AE1FD1F01100142312 /* AddToCartAnimationTests */ = {
			isa = PBXGroup;
			children = (
				AB9D06AF1FD1F01100142312 /* AddToCartAnimationTests.swift */,
				AB9D06B11FD1F01100142312 /* Info.plist */,
			);
			path = AddToCartAnimationTests;
			sourceTree = "<group>";
		};
		AB9D06B91FD1F01100142312 /* AddToCartAnimationUITests */ = {
			isa = PBXGroup;
			children = (
				AB9D06BA1FD1F01100142312 /* AddToCartAnimationUITests.swift */,
				AB9D06BC1FD1F01100142312 /* Info.plist */,
			);
			path = AddToCartAnimationUITests;
			sourceTree = "<group>";
		};
/* End PBXGroup section */

/* Begin PBXNativeTarget section */
		AB9D06961FD1F01100142312 /* AddToCartAnimation */ = {
			isa = PBXNativeTarget;
			buildConfigurationList = AB9D06BF1FD1F01100142312 /* Build configuration list for PBXNativeTarget "AddToCartAnimation" */;
			buildPhases = (
				AB9D06931FD1F01100142312 /* Sources */,
				AB9D06941FD1F01100142312 /* Frameworks */,
				AB9D06951FD1F01100142312 /* Resources */,
			);
			buildRules = (
			);
			dependencies = (
			);
			name = AddToCartAnimation;
			productName = AddToCartAnimation;
			productReference = AB9D06971FD1F01100142312 /* AddToCartAnimation.app */;
			productType = "com.apple.product-type.application";
		};
		AB9D06AA1FD1F01100142312 /* AddToCartAnimationTests */ = {
			isa = PBXNativeTarget;
			buildConfigurationList = AB9D06C21FD1F01100142312 /* Build configuration list for PBXNativeTarget "AddToCartAnimationTests" */;
			buildPhases = (
				AB9D06A71FD1F01100142312 /* Sources */,
				AB9D06A81FD1F01100142312 /* Frameworks */,
				AB9D06A91FD1F01100142312 /* Resources */,
			);
			buildRules = (
			);
			dependencies = (
				AB9D06AD1FD1F01100142312 /* PBXTargetDependency */,
			);
			name = AddToCartAnimationTests;
			productName = AddToCartAnimationTests;
			productReference = AB9D06AB1FD1F01100142312 /* AddToCartAnimationTests.xctest */;
			productType = "com.apple.product-type.bundle.unit-test";
		};
		AB9D06B51FD1F01100142312 /* AddToCartAnimationUITests */ = {
			isa = PBXNativeTarget;
			buildConfigurationList = AB9D06C51FD1F01100142312 /* Build configuration list for PBXNativeTarget "AddToCartAnimationUITests" */;
			buildPhases = (
				AB9D06B21FD1F01100142312 /* Sources */,
				AB9D06B31FD1F01100142312 /* Frameworks */,
				AB9D06B41FD1F01100142312 /* Resources */,
			);
			buildRules = (
			);
			dependencies = (
				AB9D06B81FD1F01100142312 /* PBXTargetDependency */,
			);
			name = AddToCartAnimationUITests;
			productName = AddToCartAnimationUITests;
			productReference = AB9D06B61FD1F01100142312 /* AddToCartAnimationUITests.xctest */;
			productType = "com.apple.product-type.bundle.ui-testing";
		};
/* End PBXNativeTarget section */

/* Begin PBXProject section */
		AB9D068F1FD1F01100142312 /* Project object */ = {
			isa = PBXProject;
			attributes = {
				LastSwiftUpdateCheck = 0830;
				LastUpgradeCheck = 0830;
				ORGANIZATIONNAME = "Alugaddala, Ashish Kumar [GCB-OT]";
				TargetAttributes = {
					AB9D06961FD1F01100142312 = {
						CreatedOnToolsVersion = 8.3.3;
						DevelopmentTeam = J6MVCFMW4D;
						ProvisioningStyle = Automatic;
					};
					AB9D06AA1FD1F01100142312 = {
						CreatedOnToolsVersion = 8.3.3;
						DevelopmentTeam = J6MVCFMW4D;
						ProvisioningStyle = Automatic;
						TestTargetID = AB9D06961FD1F01100142312;
					};
					AB9D06B51FD1F01100142312 = {
						CreatedOnToolsVersion = 8.3.3;
						DevelopmentTeam = J6MVCFMW4D;
						ProvisioningStyle = Automatic;
						TestTargetID = AB9D06961FD1F01100142312;
					};
				};
			};
			buildConfigurationList = AB9D06921FD1F01100142312 /* Build configuration list for PBXProject "AddToCartAnimation" */;
			compatibilityVersion = "Xcode 3.2";
			developmentRegion = English;
			hasScannedForEncodings = 0;
			knownRegions = (
				en,
				Base,
			);
			mainGroup = AB9D068E1FD1F01100142312;
			productRefGroup = AB9D06981FD1F01100142312 /* Products */;
			projectDirPath = "";
			projectRoot = "";
			targets = (
				AB9D06961FD1F01100142312 /* AddToCartAnimation */,
				AB9D06AA1FD1F01100142312 /* AddToCartAnimationTests */,
				AB9D06B51FD1F01100142312 /* AddToCartAnimationUITests */,
			);
		};
/* End PBXProject section */

/* Begin PBXResourcesBuildPhase section */
		AB9D06951FD1F01100142312 /* Resources */ = {
			isa = PBXResourcesBuildPhase;
			buildActionMask = 2147483647;
			files = (
				AB9D06A51FD1F01100142312 /* LaunchScreen.storyboard in Resources */,
				AB9D06A21FD1F01100142312 /* Assets.xcassets in Resources */,
				AB9D06A01FD1F01100142312 /* Main.storyboard in Resources */,
			);
			runOnlyForDeploymentPostprocessing = 0;
		};
		AB9D06A91FD1F01100142312 /* Resources */ = {
			isa = PBXResourcesBuildPhase;
			buildActionMask = 2147483647;
			files = (
			);
			runOnlyForDeploymentPostprocessing = 0;
		};
		AB9D06B41FD1F01100142312 /* Resources */ = {
			isa = PBXResourcesBuildPhase;
			buildActionMask = 2147483647;
			files = (
			);
			runOnlyForDeploymentPostprocessing = 0;
		};
/* End PBXResourcesBuildPhase section */

/* Begin PBXSourcesBuildPhase section */
		AB9D06931FD1F01100142312 /* Sources */ = {
			isa = PBXSourcesBuildPhase;
			buildActionMask = 2147483647;
			files = (
				AB9D069D1FD1F01100142312 /* ViewController.swift in Sources */,
				AB9D069B1FD1F01100142312 /* AppDelegate.swift in Sources */,
			);
			runOnlyForDeploymentPostprocessing = 0;
		};
		AB9D06A71FD1F01100142312 /* Sources */ = {
			isa = PBXSourcesBuildPhase;
			buildActionMask = 2147483647;
			files = (
				AB9D06B01FD1F01100142312 /* AddToCartAnimationTests.swift in Sources */,
			);
			runOnlyForDeploymentPostprocessing = 0;
		};
		AB9D06B21FD1F01100142312 /* Sources */ = {
			isa = PBXSourcesBuildPhase;
			buildActionMask = 2147483647;
			files = (
				AB9D06BB1FD1F01100142312 /* AddToCartAnimationUITests.swift in Sources */,
			);
			runOnlyForDeploymentPostprocessing = 0;
		};
/* End PBXSourcesBuildPhase section */

/* Begin PBXTargetDependency section */
		AB9D06AD1FD1F01100142312 /* PBXTargetDependency */ = {
			isa = PBXTargetDependency;
			target = AB9D06961FD1F01100142312 /* AddToCartAnimation */;
			targetProxy = AB9D06AC1FD1F01100142312 /* PBXContainerItemProxy */;
		};
		AB9D06B81FD1F01100142312 /* PBXTargetDependency */ = {
			isa = PBXTargetDependency;
			target = AB9D06961FD1F01100142312 /* AddToCartAnimation */;
			targetProxy = AB9D06B71FD1F01100142312 /* PBXContainerItemProxy */;
		};
/* End PBXTargetDependency section */

/* Begin PBXVariantGroup section */
		AB9D069E1FD1F01100142312 /* Main.storyboard */ = {
			isa = PBXVariantGroup;
			children = (
				AB9D069F1FD1F01100142312 /* Base */,
			);
			name = Main.storyboard;
			sourceTree = "<group>";
		};
		AB9D06A31FD1F01100142312 /* LaunchScreen.storyboard */ = {
			isa = PBXVariantGroup;
			children = (
				AB9D06A41FD1F01100142312 /* Base */,
			);
			name = LaunchScreen.storyboard;
			sourceTree = "<group>";
		};
/* End PBXVariantGroup section */

/* Begin XCBuildConfiguration section */
		AB9D06BD1FD1F01100142312 /* Debug */ = {
			isa = XCBuildConfiguration;
			buildSettings = {
				ALWAYS_SEARCH_USER_PATHS = NO;
				CLANG_ANALYZER_NONNULL = YES;
				CLANG_ANALYZER_NUMBER_OBJECT_CONVERSION = YES_AGGRESSIVE;
				CLANG_CXX_LANGUAGE_STANDARD = "gnu++0x";
				CLANG_CXX_LIBRARY = "libc++";
				CLANG_ENABLE_MODULES = YES;
				CLANG_ENABLE_OBJC_ARC = YES;
				CLANG_WARN_BOOL_CONVERSION = YES;
				CLANG_WARN_CONSTANT_CONVERSION = YES;
				CLANG_WARN_DIRECT_OBJC_ISA_USAGE = YES_ERROR;
				CLANG_WARN_DOCUMENTATION_COMMENTS = YES;
				CLANG_WARN_EMPTY_BODY = YES;
				CLANG_WARN_ENUM_CONVERSION = YES;
				CLANG_WARN_INFINITE_RECURSION = YES;
				CLANG_WARN_INT_CONVERSION = YES;
				CLANG_WARN_OBJC_ROOT_CLASS = YES_ERROR;
				CLANG_WARN_SUSPICIOUS_MOVE = YES;
				CLANG_WARN_UNREACHABLE_CODE = YES;
				CLANG_WARN__DUPLICATE_METHOD_MATCH = YES;
				"CODE_SIGN_IDENTITY[sdk=iphoneos*]" = "iPhone Developer";
				COPY_PHASE_STRIP = NO;
				DEBUG_INFORMATION_FORMAT = dwarf;
				ENABLE_STRICT_OBJC_MSGSEND = YES;
				ENABLE_TESTABILITY = YES;
				GCC_C_LANGUAGE_STANDARD = gnu99;
				GCC_DYNAMIC_NO_PIC = NO;
				GCC_NO_COMMON_BLOCKS = YES;
				GCC_OPTIMIZATION_LEVEL = 0;
				GCC_PREPROCESSOR_DEFINITIONS = (
					"DEBUG=1",
					"$(inherited)",
				);
				GCC_WARN_64_TO_32_BIT_CONVERSION = YES;
				GCC_WARN_ABOUT_RETURN_TYPE = YES_ERROR;
				GCC_WARN_UNDECLARED_SELECTOR = YES;
				GCC_WARN_UNINITIALIZED_AUTOS = YES_AGGRESSIVE;
				GCC_WARN_UNUSED_FUNCTION = YES;
				GCC_WARN_UNUSED_VARIABLE = YES;
				IPHONEOS_DEPLOYMENT_TARGET = 10.3;
				MTL_ENABLE_DEBUG_INFO = YES;
				ONLY_ACTIVE_ARCH = YES;
				SDKROOT = iphoneos;
				SWIFT_ACTIVE_COMPILATION_CONDITIONS = DEBUG;
				SWIFT_OPTIMIZATION_LEVEL = "-Onone";
			};
			name = Debug;
		};
		AB9D06BE1FD1F01100142312 /* Release */ = {
			isa = XCBuildConfiguration;
			buildSettings = {
				ALWAYS_SEARCH_USER_PATHS = NO;
				CLANG_ANALYZER_NONNULL = YES;
				CLANG_ANALYZER_NUMBER_OBJECT_CONVERSION = YES_AGGRESSIVE;
				CLANG_CXX_LANGUAGE_STANDARD = "gnu++0x";
				CLANG_CXX_LIBRARY = "libc++";
				CLANG_ENABLE_MODULES = YES;
				CLANG_ENABLE_OBJC_ARC = YES;
				CLANG_WARN_BOOL_CONVERSION = YES;
				CLANG_WARN_CONSTANT_CONVERSION = YES;
				CLANG_WARN_DIRECT_OBJC_ISA_USAGE = YES_ERROR;
				CLANG_WARN_DOCUMENTATION_COMMENTS = YES;
				CLANG_WARN_EMPTY_BODY = YES;
				CLANG_WARN_ENUM_CONVERSION = YES;
				CLANG_WARN_INFINITE_RECURSION = YES;
				CLANG_WARN_INT_CONVERSION = YES;
				CLANG_WARN_OBJC_ROOT_CLASS = YES_ERROR;
				CLANG_WARN_SUSPICIOUS_MOVE = YES;
				CLANG_WARN_UNREACHABLE_CODE = YES;
				CLANG_WARN__DUPLICATE_METHOD_MATCH = YES;
				"CODE_SIGN_IDENTITY[sdk=iphoneos*]" = "iPhone Developer";
				COPY_PHASE_STRIP = NO;
				DEBUG_INFORMATION_FORMAT = "dwarf-with-dsym";
				ENABLE_NS_ASSERTIONS = NO;
				ENABLE_STRICT_OBJC_MSGSEND = YES;
				GCC_C_LANGUAGE_STANDARD = gnu99;
				GCC_NO_COMMON_BLOCKS = YES;
				GCC_WARN_64_TO_32_BIT_CONVERSION = YES;
				GCC_WARN_ABOUT_RETURN_TYPE = YES_ERROR;
				GCC_WARN_UNDECLARED_SELECTOR = YES;
				GCC_WARN_UNINITIALIZED_AUTOS = YES_AGGRESSIVE;
				GCC_WARN_UNUSED_FUNCTION = YES;
				GCC_WARN_UNUSED_VARIABLE = YES;
				IPHONEOS_DEPLOYMENT_TARGET = 10.3;
				MTL_ENABLE_DEBUG_INFO = NO;
				SDKROOT = iphoneos;
				SWIFT_OPTIMIZATION_LEVEL = "-Owholemodule";
				VALIDATE_PRODUCT = YES;
			};
			name = Release;
		};
		AB9D06C01FD1F01100142312 /* Debug */ = {
			isa = XCBuildConfiguration;
			buildSettings = {
				ASSETCATALOG_COMPILER_APPICON_NAME = AppIcon;
				DEVELOPMENT_TEAM = J6MVCFMW4D;
				INFOPLIST_FILE = AddToCartAnimation/Info.plist;
				LD_RUNPATH_SEARCH_PATHS = "$(inherited) @executable_path/Frameworks";
				PRODUCT_BUNDLE_IDENTIFIER = com.yourcompany.AddToCartAnimation;
				PRODUCT_NAME = "$(TARGET_NAME)";
				SWIFT_VERSION = 3.0;
			};
			name = Debug;
		};
		AB9D06C11FD1F01100142312 /* Release */ = {
			isa = XCBuildConfiguration;
			buildSettings = {
				ASSETCATALOG_COMPILER_APPICON_NAME = AppIcon;
				DEVELOPMENT_TEAM = J6MVCFMW4D;
				INFOPLIST_FILE = AddToCartAnimation/Info.plist;
				LD_RUNPATH_SEARCH_PATHS = "$(inherited) @executable_path/Frameworks";
				PRODUCT_BUNDLE_IDENTIFIER = com.yourcompany.AddToCartAnimation;
				PRODUCT_NAME = "$(TARGET_NAME)";
				SWIFT_VERSION = 3.0;
			};
			name = Release;
		};
		AB9D06C31FD1F01100142312 /* Debug */ = {
			isa = XCBuildConfiguration;
			buildSettings = {
				ALWAYS_EMBED_SWIFT_STANDARD_LIBRARIES = YES;
				BUNDLE_LOADER = "$(TEST_HOST)";
				DEVELOPMENT_TEAM = J6MVCFMW4D;
				INFOPLIST_FILE = AddToCartAnimationTests/Info.plist;
				LD_RUNPATH_SEARCH_PATHS = "$(inherited) @executable_path/Frameworks @loader_path/Frameworks";
				PRODUCT_BUNDLE_IDENTIFIER = com.yourcompany.AddToCartAnimationTests;
				PRODUCT_NAME = "$(TARGET_NAME)";
				SWIFT_VERSION = 3.0;
				TEST_HOST = "$(BUILT_PRODUCTS_DIR)/AddToCartAnimation.app/AddToCartAnimation";
			};
			name = Debug;
		};
		AB9D06C41FD1F01100142312 /* Release */ = {
			isa = XCBuildConfiguration;
			buildSettings = {
				ALWAYS_EMBED_SWIFT_STANDARD_LIBRARIES = YES;
				BUNDLE_LOADER = "$(TEST_HOST)";
				DEVELOPMENT_TEAM = J6MVCFMW4D;
				INFOPLIST_FILE = AddToCartAnimationTests/Info.plist;
				LD_RUNPATH_SEARCH_PATHS = "$(inherited) @executable_path/Frameworks @loader_path/Frameworks";
				PRODUCT_BUNDLE_IDENTIFIER = com.yourcompany.AddToCartAnimationTests;
				PRODUCT_NAME = "$(TARGET_NAME)";
				SWIFT_VERSION = 3.0;
				TEST_HOST = "$(BUILT_PRODUCTS_DIR)/AddToCartAnimation.app/AddToCartAnimation";
			};
			name = Release;
		};
		AB9D06C61FD1F01100142312 /* Debug */ = {
			isa = XCBuildConfiguration;
			buildSettings = {
				ALWAYS_EMBED_SWIFT_STANDARD_LIBRARIES = YES;
				DEVELOPMENT_TEAM = J6MVCFMW4D;
				INFOPLIST_FILE = AddToCartAnimationUITests/Info.plist;
				LD_RUNPATH_SEARCH_PATHS = "$(inherited) @executable_path/Frameworks @loader_path/Frameworks";
				PRODUCT_BUNDLE_IDENTIFIER = com.yourcompany.AddToCartAnimationUITests;
				PRODUCT_NAME = "$(TARGET_NAME)";
				SWIFT_VERSION = 3.0;
				TEST_TARGET_NAME = AddToCartAnimation;
			};
			name = Debug;
		};
		AB9D06C71FD1F01100142312 /* Release */ = {
			isa = XCBuildConfiguration;
			buildSettings = {
				ALWAYS_EMBED_SWIFT_STANDARD_LIBRARIES = YES;
				DEVELOPMENT_TEAM = J6MVCFMW4D;
				INFOPLIST_FILE = AddToCartAnimationUITests/Info.plist;
				LD_RUNPATH_SEARCH_PATHS = "$(inherited) @executable_path/Frameworks @loader_path/Frameworks";
				PRODUCT_BUNDLE_IDENTIFIER = com.yourcompany.AddToCartAnimationUITests;
				PRODUCT_NAME = "$(TARGET_NAME)";
				SWIFT_VERSION = 3.0;
				TEST_TARGET_NAME = AddToCartAnimation;
			};
			name = Release;
		};
/* End XCBuildConfiguration section */

/* Begin XCConfigurationList section */
		AB9D06921FD1F01100142312 /* Build configuration list for PBXProject "AddToCartAnimation" */ = {
			isa = XCConfigurationList;
			buildConfigurations = (
				AB9D06BD1FD1F01100142312 /* Debug */,
				AB9D06BE1FD1F01100142312 /* Release */,
			);
			defaultConfigurationIsVisible = 0;
			defaultConfigurationName = Release;
		};
		AB9D06BF1FD1F01100142312 /* Build configuration list for PBXNativeTarget "AddToCartAnimation" */ = {
			isa = XCConfigurationList;
			buildConfigurations = (
				AB9D06C01FD1F01100142312 /* Debug */,
				AB9D06C11FD1F01100142312 /* Release */,
			);
			defaultConfigurationIsVisible = 0;
		};
		AB9D06C21FD1F01100142312 /* Build configuration list for PBXNativeTarget "AddToCartAnimationTests" */ = {
			isa = XCConfigurationList;
			buildConfigurations = (
				AB9D06C31FD1F01100142312 /* Debug */,
				AB9D06C41FD1F01100142312 /* Release */,
			);
			defaultConfigurationIsVisible = 0;
		};
		AB9D06C51FD1F01100142312 /* Build configuration list for PBXNativeTarget "AddToCartAnimationUITests" */ = {
			isa = XCConfigurationList;
			buildConfigurations = (
				AB9D06C61FD1F01100142312 /* Debug */,
				AB9D06C71FD1F01100142312 /* Release */,
			);
			defaultConfigurationIsVisible = 0;
		};
/* End XCConfigurationList section */
	};
	rootObject = AB9D068F1FD1F01100142312 /* Project object */;
}
